// !$*UTF8*$!
{
	archiveVersion = 1;
	classes = {
	};
	objectVersion = 46;
	objects = {

/* Begin PBXBuildFile section */
		E701E25D1AD4C20300787EB0 /* VShader.glsl in Resources */ = {isa = PBXBuildFile; fileRef = E701E25C1AD4C20300787EB0 /* VShader.glsl */; };
		E701E25F1AD4C25000787EB0 /* FShader.glsl in Resources */ = {isa = PBXBuildFile; fileRef = E701E25E1AD4C25000787EB0 /* FShader.glsl */; };
		E701E2611AD4C2DE00787EB0 /* Test.vsh in Resources */ = {isa = PBXBuildFile; fileRef = E701E2601AD4C2DE00787EB0 /* Test.vsh */; };
		E701E2651AD4C36000787EB0 /* ASEOpenGLView.m in Sources */ = {isa = PBXBuildFile; fileRef = E701E2641AD4C36000787EB0 /* ASEOpenGLView.m */; };
		E701E2671AD4FB7600787EB0 /* GLKit.framework in Frameworks */ = {isa = PBXBuildFile; fileRef = E701E2661AD4FB7600787EB0 /* GLKit.framework */; };
		E701E2761AD60F6500787EB0 /* aseMatrix.c in Sources */ = {isa = PBXBuildFile; fileRef = E701E2701AD60F6500787EB0 /* aseMatrix.c */; };
		E701E2771AD60F6500787EB0 /* aseVector.c in Sources */ = {isa = PBXBuildFile; fileRef = E701E2721AD60F6500787EB0 /* aseVector.c */; };
		E701E2781AD60F6500787EB0 /* GLESUtils.m in Sources */ = {isa = PBXBuildFile; fileRef = E701E2751AD60F6500787EB0 /* GLESUtils.m */; };
		E701E27B1AD661ED00787EB0 /* RootViewController.m in Sources */ = {isa = PBXBuildFile; fileRef = E701E27A1AD661ED00787EB0 /* RootViewController.m */; };
		E701E27E1AD6649800787EB0 /* ASEBackViewController.m in Sources */ = {isa = PBXBuildFile; fileRef = E701E27D1AD6649800787EB0 /* ASEBackViewController.m */; };
		E701E2821AD6689D00787EB0 /* TransformAndColorViewController.m in Sources */ = {isa = PBXBuildFile; fileRef = E701E2811AD6689D00787EB0 /* TransformAndColorViewController.m */; };
		E7CE66121AD3A83F003CE27C /* main.m in Sources */ = {isa = PBXBuildFile; fileRef = E7CE66111AD3A83F003CE27C /* main.m */; };
		E7CE66151AD3A83F003CE27C /* AppDelegate.m in Sources */ = {isa = PBXBuildFile; fileRef = E7CE66141AD3A83F003CE27C /* AppDelegate.m */; };
		E7CE66181AD3A83F003CE27C /* BaseViewController.m in Sources */ = {isa = PBXBuildFile; fileRef = E7CE66171AD3A83F003CE27C /* BaseViewController.m */; };
		E7CE661B1AD3A83F003CE27C /* Main.storyboard in Resources */ = {isa = PBXBuildFile; fileRef = E7CE66191AD3A83F003CE27C /* Main.storyboard */; };
		E7CE661D1AD3A83F003CE27C /* Images.xcassets in Resources */ = {isa = PBXBuildFile; fileRef = E7CE661C1AD3A83F003CE27C /* Images.xcassets */; };
		E7CE66201AD3A83F003CE27C /* LaunchScreen.xib in Resources */ = {isa = PBXBuildFile; fileRef = E7CE661E1AD3A83F003CE27C /* LaunchScreen.xib */; };
		E7CE662C1AD3A83F003CE27C /* OpenGLBasicTests.m in Sources */ = {isa = PBXBuildFile; fileRef = E7CE662B1AD3A83F003CE27C /* OpenGLBasicTests.m */; };
		E7CE663B1AD3F08A003CE27C /* OpenGLES.framework in Frameworks */ = {isa = PBXBuildFile; fileRef = E7CE663A1AD3F08A003CE27C /* OpenGLES.framework */; };
/* End PBXBuildFile section */

/* Begin PBXContainerItemProxy section */
		E7CE66261AD3A83F003CE27C /* PBXContainerItemProxy */ = {
			isa = PBXContainerItemProxy;
			containerPortal = E7CE66041AD3A83F003CE27C /* Project object */;
			proxyType = 1;
			remoteGlobalIDString = E7CE660B1AD3A83F003CE27C;
			remoteInfo = OpenGLBasic;
		};
/* End PBXContainerItemProxy section */

/* Begin PBXFileReference section */
		E701E25C1AD4C20300787EB0 /* VShader.glsl */ = {isa = PBXFileReference; fileEncoding = 4; lastKnownFileType = text; path = VShader.glsl; sourceTree = "<group>"; };
		E701E25E1AD4C25000787EB0 /* FShader.glsl */ = {isa = PBXFileReference; fileEncoding = 4; lastKnownFileType = text; path = FShader.glsl; sourceTree = "<group>"; };
		E701E2601AD4C2DE00787EB0 /* Test.vsh */ = {isa = PBXFileReference; fileEncoding = 4; lastKnownFileType = sourcecode.glsl; path = Test.vsh; sourceTree = "<group>"; };
		E701E2631AD4C36000787EB0 /* ASEOpenGLView.h */ = {isa = PBXFileReference; fileEncoding = 4; lastKnownFileType = sourcecode.c.h; path = ASEOpenGLView.h; sourceTree = "<group>"; };
		E701E2641AD4C36000787EB0 /* ASEOpenGLView.m */ = {isa = PBXFileReference; fileEncoding = 4; lastKnownFileType = sourcecode.c.objc; path = ASEOpenGLView.m; sourceTree = "<group>"; };
		E701E2661AD4FB7600787EB0 /* GLKit.framework */ = {isa = PBXFileReference; lastKnownFileType = wrapper.framework; name = GLKit.framework; path = System/Library/Frameworks/GLKit.framework; sourceTree = SDKROOT; };
		E701E2701AD60F6500787EB0 /* aseMatrix.c */ = {isa = PBXFileReference; fileEncoding = 4; lastKnownFileType = sourcecode.c.c; name = aseMatrix.c; path = Utils/aseMatrix.c; sourceTree = "<group>"; };
		E701E2711AD60F6500787EB0 /* aseMatrix.h */ = {isa = PBXFileReference; fileEncoding = 4; lastKnownFileType = sourcecode.c.h; name = aseMatrix.h; path = Utils/aseMatrix.h; sourceTree = "<group>"; };
		E701E2721AD60F6500787EB0 /* aseVector.c */ = {isa = PBXFileReference; fileEncoding = 4; lastKnownFileType = sourcecode.c.c; name = aseVector.c; path = Utils/aseVector.c; sourceTree = "<group>"; };
		E701E2731AD60F6500787EB0 /* aseVector.h */ = {isa = PBXFileReference; fileEncoding = 4; lastKnownFileType = sourcecode.c.h; name = aseVector.h; path = Utils/aseVector.h; sourceTree = "<group>"; };
		E701E2741AD60F6500787EB0 /* GLESUtils.h */ = {isa = PBXFileReference; fileEncoding = 4; lastKnownFileType = sourcecode.c.h; name = GLESUtils.h; path = Utils/GLESUtils.h; sourceTree = "<group>"; };
		E701E2751AD60F6500787EB0 /* GLESUtils.m */ = {isa = PBXFileReference; fileEncoding = 4; lastKnownFileType = sourcecode.c.objc; name = GLESUtils.m; path = Utils/GLESUtils.m; sourceTree = "<group>"; };
		E701E2791AD661ED00787EB0 /* RootViewController.h */ = {isa = PBXFileReference; fileEncoding = 4; lastKnownFileType = sourcecode.c.h; path = RootViewController.h; sourceTree = "<group>"; };
		E701E27A1AD661ED00787EB0 /* RootViewController.m */ = {isa = PBXFileReference; fileEncoding = 4; lastKnownFileType = sourcecode.c.objc; path = RootViewController.m; sourceTree = "<group>"; };
		E701E27C1AD6649800787EB0 /* ASEBackViewController.h */ = {isa = PBXFileReference; fileEncoding = 4; lastKnownFileType = sourcecode.c.h; path = ASEBackViewController.h; sourceTree = "<group>"; };
		E701E27D1AD6649800787EB0 /* ASEBackViewController.m */ = {isa = PBXFileReference; fileEncoding = 4; lastKnownFileType = sourcecode.c.objc; path = ASEBackViewController.m; sourceTree = "<group>"; };
		E701E2801AD6689D00787EB0 /* TransformAndColorViewController.h */ = {isa = PBXFileReference; fileEncoding = 4; lastKnownFileType = sourcecode.c.h; path = TransformAndColorViewController.h; sourceTree = "<group>"; };
		E701E2811AD6689D00787EB0 /* TransformAndColorViewController.m */ = {isa = PBXFileReference; fileEncoding = 4; lastKnownFileType = sourcecode.c.objc; path = TransformAndColorViewController.m; sourceTree = "<group>"; };
		E7CE660C1AD3A83F003CE27C /* OpenGLBasic.app */ = {isa = PBXFileReference; explicitFileType = wrapper.application; includeInIndex = 0; path = OpenGLBasic.app; sourceTree = BUILT_PRODUCTS_DIR; };
		E7CE66101AD3A83F003CE27C /* Info.plist */ = {isa = PBXFileReference; lastKnownFileType = text.plist.xml; path = Info.plist; sourceTree = "<group>"; };
		E7CE66111AD3A83F003CE27C /* main.m */ = {isa = PBXFileReference; lastKnownFileType = sourcecode.c.objc; path = main.m; sourceTree = "<group>"; };
		E7CE66131AD3A83F003CE27C /* AppDelegate.h */ = {isa = PBXFileReference; lastKnownFileType = sourcecode.c.h; path = AppDelegate.h; sourceTree = "<group>"; };
		E7CE66141AD3A83F003CE27C /* AppDelegate.m */ = {isa = PBXFileReference; lastKnownFileType = sourcecode.c.objc; path = AppDelegate.m; sourceTree = "<group>"; };
		E7CE66161AD3A83F003CE27C /* BaseViewController.h */ = {isa = PBXFileReference; lastKnownFileType = sourcecode.c.h; path = BaseViewController.h; sourceTree = "<group>"; };
		E7CE66171AD3A83F003CE27C /* BaseViewController.m */ = {isa = PBXFileReference; lastKnownFileType = sourcecode.c.objc; path = BaseViewController.m; sourceTree = "<group>"; };
		E7CE661A1AD3A83F003CE27C /* Base */ = {isa = PBXFileReference; lastKnownFileType = file.storyboard; name = Base; path = Base.lproj/Main.storyboard; sourceTree = "<group>"; };
		E7CE661C1AD3A83F003CE27C /* Images.xcassets */ = {isa = PBXFileReference; lastKnownFileType = folder.assetcatalog; path = Images.xcassets; sourceTree = "<group>"; };
		E7CE661F1AD3A83F003CE27C /* Base */ = {isa = PBXFileReference; lastKnownFileType = file.xib; name = Base; path = Base.lproj/LaunchScreen.xib; sourceTree = "<group>"; };
		E7CE66251AD3A83F003CE27C /* OpenGLBasicTests.xctest */ = {isa = PBXFileReference; explicitFileType = wrapper.cfbundle; includeInIndex = 0; path = OpenGLBasicTests.xctest; sourceTree = BUILT_PRODUCTS_DIR; };
		E7CE662A1AD3A83F003CE27C /* Info.plist */ = {isa = PBXFileReference; lastKnownFileType = text.plist.xml; path = Info.plist; sourceTree = "<group>"; };
		E7CE662B1AD3A83F003CE27C /* OpenGLBasicTests.m */ = {isa = PBXFileReference; lastKnownFileType = sourcecode.c.objc; path = OpenGLBasicTests.m; sourceTree = "<group>"; };
		E7CE663A1AD3F08A003CE27C /* OpenGLES.framework */ = {isa = PBXFileReference; lastKnownFileType = wrapper.framework; name = OpenGLES.framework; path = System/Library/Frameworks/OpenGLES.framework; sourceTree = SDKROOT; };
/* End PBXFileReference section */

/* Begin PBXFrameworksBuildPhase section */
		E7CE66091AD3A83F003CE27C /* Frameworks */ = {
			isa = PBXFrameworksBuildPhase;
			buildActionMask = 2147483647;
			files = (
				E701E2671AD4FB7600787EB0 /* GLKit.framework in Frameworks */,
				E7CE663B1AD3F08A003CE27C /* OpenGLES.framework in Frameworks */,
			);
			runOnlyForDeploymentPostprocessing = 0;
		};
		E7CE66221AD3A83F003CE27C /* Frameworks */ = {
			isa = PBXFrameworksBuildPhase;
			buildActionMask = 2147483647;
			files = (
			);
			runOnlyForDeploymentPostprocessing = 0;
		};
/* End PBXFrameworksBuildPhase section */

/* Begin PBXGroup section */
		E701E2581AD4BAF300787EB0 /* Glsl */ = {
			isa = PBXGroup;
			children = (
				E701E25C1AD4C20300787EB0 /* VShader.glsl */,
				E701E25E1AD4C25000787EB0 /* FShader.glsl */,
				E701E2601AD4C2DE00787EB0 /* Test.vsh */,
			);
			name = Glsl;
			sourceTree = "<group>";
		};
		E701E2621AD4C32800787EB0 /* OpenglViews */ = {
			isa = PBXGroup;
			children = (
				E701E2631AD4C36000787EB0 /* ASEOpenGLView.h */,
				E701E2641AD4C36000787EB0 /* ASEOpenGLView.m */,
			);
			name = OpenglViews;
			sourceTree = "<group>";
		};
		E701E27F1AD6676000787EB0 /* VC */ = {
			isa = PBXGroup;
			children = (
				E701E27A1AD661ED00787EB0 /* RootViewController.m */,
				E701E2791AD661ED00787EB0 /* RootViewController.h */,
				E7CE66161AD3A83F003CE27C /* BaseViewController.h */,
				E7CE66171AD3A83F003CE27C /* BaseViewController.m */,
				E701E27C1AD6649800787EB0 /* ASEBackViewController.h */,
				E701E27D1AD6649800787EB0 /* ASEBackViewController.m */,
				E701E2801AD6689D00787EB0 /* TransformAndColorViewController.h */,
				E701E2811AD6689D00787EB0 /* TransformAndColorViewController.m */,
			);
			name = VC;
			sourceTree = "<group>";
		};
		E7CE66031AD3A83F003CE27C = {
			isa = PBXGroup;
			children = (
				E701E2661AD4FB7600787EB0 /* GLKit.framework */,
				E7CE663A1AD3F08A003CE27C /* OpenGLES.framework */,
				E7CE660E1AD3A83F003CE27C /* OpenGLBasic */,
				E7CE66281AD3A83F003CE27C /* OpenGLBasicTests */,
				E7CE660D1AD3A83F003CE27C /* Products */,
			);
			sourceTree = "<group>";
		};
		E7CE660D1AD3A83F003CE27C /* Products */ = {
			isa = PBXGroup;
			children = (
				E7CE660C1AD3A83F003CE27C /* OpenGLBasic.app */,
				E7CE66251AD3A83F003CE27C /* OpenGLBasicTests.xctest */,
			);
			name = Products;
			sourceTree = "<group>";
		};
		E7CE660E1AD3A83F003CE27C /* OpenGLBasic */ = {
			isa = PBXGroup;
			children = (
				E701E2621AD4C32800787EB0 /* OpenglViews */,
				E701E2581AD4BAF300787EB0 /* Glsl */,
				E7CE66361AD3F050003CE27C /* Utils */,
				E701E27F1AD6676000787EB0 /* VC */,
				E7CE66191AD3A83F003CE27C /* Main.storyboard */,
				E7CE661C1AD3A83F003CE27C /* Images.xcassets */,
				E7CE661E1AD3A83F003CE27C /* LaunchScreen.xib */,
				E7CE66131AD3A83F003CE27C /* AppDelegate.h */,
				E7CE66141AD3A83F003CE27C /* AppDelegate.m */,
				E7CE660F1AD3A83F003CE27C /* Supporting Files */,
			);
			path = OpenGLBasic;
			sourceTree = "<group>";
		};
		E7CE660F1AD3A83F003CE27C /* Supporting Files */ = {
			isa = PBXGroup;
			children = (
				E7CE66101AD3A83F003CE27C /* Info.plist */,
				E7CE66111AD3A83F003CE27C /* main.m */,
			);
			name = "Supporting Files";
			sourceTree = "<group>";
		};
		E7CE66281AD3A83F003CE27C /* OpenGLBasicTests */ = {
			isa = PBXGroup;
			children = (
				E7CE662B1AD3A83F003CE27C /* OpenGLBasicTests.m */,
				E7CE66291AD3A83F003CE27C /* Supporting Files */,
			);
			path = OpenGLBasicTests;
			sourceTree = "<group>";
		};
		E7CE66291AD3A83F003CE27C /* Supporting Files */ = {
			isa = PBXGroup;
			children = (
				E7CE662A1AD3A83F003CE27C /* Info.plist */,
			);
			name = "Supporting Files";
			sourceTree = "<group>";
		};
		E7CE66361AD3F050003CE27C /* Utils */ = {
			isa = PBXGroup;
			children = (
				E701E2701AD60F6500787EB0 /* aseMatrix.c */,
				E701E2711AD60F6500787EB0 /* aseMatrix.h */,
				E701E2721AD60F6500787EB0 /* aseVector.c */,
				E701E2731AD60F6500787EB0 /* aseVector.h */,
				E701E2741AD60F6500787EB0 /* GLESUtils.h */,
				E701E2751AD60F6500787EB0 /* GLESUtils.m */,
			);
			name = Utils;
			sourceTree = "<group>";
		};
/* End PBXGroup section */

/* Begin PBXNativeTarget section */
		E7CE660B1AD3A83F003CE27C /* OpenGLBasic */ = {
			isa = PBXNativeTarget;
			buildConfigurationList = E7CE662F1AD3A83F003CE27C /* Build configuration list for PBXNativeTarget "OpenGLBasic" */;
			buildPhases = (
				E7CE66081AD3A83F003CE27C /* Sources */,
				E7CE66091AD3A83F003CE27C /* Frameworks */,
				E7CE660A1AD3A83F003CE27C /* Resources */,
			);
			buildRules = (
			);
			dependencies = (
			);
			name = OpenGLBasic;
			productName = OpenGLBasic;
			productReference = E7CE660C1AD3A83F003CE27C /* OpenGLBasic.app */;
			productType = "com.apple.product-type.application";
		};
		E7CE66241AD3A83F003CE27C /* OpenGLBasicTests */ = {
			isa = PBXNativeTarget;
			buildConfigurationList = E7CE66321AD3A83F003CE27C /* Build configuration list for PBXNativeTarget "OpenGLBasicTests" */;
			buildPhases = (
				E7CE66211AD3A83F003CE27C /* Sources */,
				E7CE66221AD3A83F003CE27C /* Frameworks */,
				E7CE66231AD3A83F003CE27C /* Resources */,
			);
			buildRules = (
			);
			dependencies = (
				E7CE66271AD3A83F003CE27C /* PBXTargetDependency */,
			);
			name = OpenGLBasicTests;
			productName = OpenGLBasicTests;
			productReference = E7CE66251AD3A83F003CE27C /* OpenGLBasicTests.xctest */;
			productType = "com.apple.product-type.bundle.unit-test";
		};
/* End PBXNativeTarget section */

/* Begin PBXProject section */
		E7CE66041AD3A83F003CE27C /* Project object */ = {
			isa = PBXProject;
			attributes = {
				LastUpgradeCheck = 0620;
				ORGANIZATIONNAME = Arthur;
				TargetAttributes = {
					E7CE660B1AD3A83F003CE27C = {
						CreatedOnToolsVersion = 6.2;
					};
					E7CE66241AD3A83F003CE27C = {
						CreatedOnToolsVersion = 6.2;
						TestTargetID = E7CE660B1AD3A83F003CE27C;
					};
				};
			};
			buildConfigurationList = E7CE66071AD3A83F003CE27C /* Build configuration list for PBXProject "OpenGLBasic" */;
			compatibilityVersion = "Xcode 3.2";
			developmentRegion = English;
			hasScannedForEncodings = 0;
			knownRegions = (
				en,
				Base,
			);
			mainGroup = E7CE66031AD3A83F003CE27C;
			productRefGroup = E7CE660D1AD3A83F003CE27C /* Products */;
			projectDirPath = "";
			projectRoot = "";
			targets = (
				E7CE660B1AD3A83F003CE27C /* OpenGLBasic */,
				E7CE66241AD3A83F003CE27C /* OpenGLBasicTests */,
			);
		};
/* End PBXProject section */

/* Begin PBXResourcesBuildPhase section */
		E7CE660A1AD3A83F003CE27C /* Resources */ = {
			isa = PBXResourcesBuildPhase;
			buildActionMask = 2147483647;
			files = (
				E701E25F1AD4C25000787EB0 /* FShader.glsl in Resources */,
				E701E2611AD4C2DE00787EB0 /* Test.vsh in Resources */,
				E7CE661B1AD3A83F003CE27C /* Main.storyboard in Resources */,
				E7CE66201AD3A83F003CE27C /* LaunchScreen.xib in Resources */,
				E701E25D1AD4C20300787EB0 /* VShader.glsl in Resources */,
				E7CE661D1AD3A83F003CE27C /* Images.xcassets in Resources */,
			);
			runOnlyForDeploymentPostprocessing = 0;
		};
		E7CE66231AD3A83F003CE27C /* Resources */ = {
			isa = PBXResourcesBuildPhase;
			buildActionMask = 2147483647;
			files = (
			);
			runOnlyForDeploymentPostprocessing = 0;
		};
/* End PBXResourcesBuildPhase section */

/* Begin PBXSourcesBuildPhase section */
		E7CE66081AD3A83F003CE27C /* Sources */ = {
			isa = PBXSourcesBuildPhase;
			buildActionMask = 2147483647;
			files = (
				E701E2761AD60F6500787EB0 /* aseMatrix.c in Sources */,
				E7CE66181AD3A83F003CE27C /* BaseViewController.m in Sources */,
				E701E27B1AD661ED00787EB0 /* RootViewController.m in Sources */,
				E701E2781AD60F6500787EB0 /* GLESUtils.m in Sources */,
				E7CE66151AD3A83F003CE27C /* AppDelegate.m in Sources */,
				E701E27E1AD6649800787EB0 /* ASEBackViewController.m in Sources */,
				E701E2771AD60F6500787EB0 /* aseVector.c in Sources */,
				E701E2651AD4C36000787EB0 /* ASEOpenGLView.m in Sources */,
				E7CE66121AD3A83F003CE27C /* main.m in Sources */,
				E701E2821AD6689D00787EB0 /* TransformAndColorViewController.m in Sources */,
			);
			runOnlyForDeploymentPostprocessing = 0;
		};
		E7CE66211AD3A83F003CE27C /* Sources */ = {
			isa = PBXSourcesBuildPhase;
			buildActionMask = 2147483647;
			files = (
				E7CE662C1AD3A83F003CE27C /* OpenGLBasicTests.m in Sources */,
			);
			runOnlyForDeploymentPostprocessing = 0;
		};
/* End PBXSourcesBuildPhase section */

/* Begin PBXTargetDependency section */
		E7CE66271AD3A83F003CE27C /* PBXTargetDependency */ = {
			isa = PBXTargetDependency;
			target = E7CE660B1AD3A83F003CE27C /* OpenGLBasic */;
			targetProxy = E7CE66261AD3A83F003CE27C /* PBXContainerItemProxy */;
		};
/* End PBXTargetDependency section */

/* Begin PBXVariantGroup section */
		E7CE66191AD3A83F003CE27C /* Main.storyboard */ = {
			isa = PBXVariantGroup;
			children = (
				E7CE661A1AD3A83F003CE27C /* Base */,
			);
			name = Main.storyboard;
			sourceTree = "<group>";
		};
		E7CE661E1AD3A83F003CE27C /* LaunchScreen.xib */ = {
			isa = PBXVariantGroup;
			children = (
				E7CE661F1AD3A83F003CE27C /* Base */,
			);
			name = LaunchScreen.xib;
			sourceTree = "<group>";
		};
/* End PBXVariantGroup section */

/* Begin XCBuildConfiguration section */
		E7CE662D1AD3A83F003CE27C /* Debug */ = {
			isa = XCBuildConfiguration;
			buildSettings = {
				ALWAYS_SEARCH_USER_PATHS = NO;
				CLANG_CXX_LANGUAGE_STANDARD = "gnu++0x";
				CLANG_CXX_LIBRARY = "libc++";
				CLANG_ENABLE_MODULES = YES;
				CLANG_ENABLE_OBJC_ARC = YES;
				CLANG_WARN_BOOL_CONVERSION = YES;
				CLANG_WARN_CONSTANT_CONVERSION = YES;
				CLANG_WARN_DIRECT_OBJC_ISA_USAGE = YES_ERROR;
				CLANG_WARN_EMPTY_BODY = YES;
				CLANG_WARN_ENUM_CONVERSION = YES;
				CLANG_WARN_INT_CONVERSION = YES;
				CLANG_WARN_OBJC_ROOT_CLASS = YES_ERROR;
				CLANG_WARN_UNREACHABLE_CODE = YES;
				CLANG_WARN__DUPLICATE_METHOD_MATCH = YES;
				"CODE_SIGN_IDENTITY[sdk=iphoneos*]" = "iPhone Developer";
				COPY_PHASE_STRIP = NO;
				ENABLE_STRICT_OBJC_MSGSEND = YES;
				GCC_C_LANGUAGE_STANDARD = gnu99;
				GCC_DYNAMIC_NO_PIC = NO;
				GCC_OPTIMIZATION_LEVEL = 0;
				GCC_PREPROCESSOR_DEFINITIONS = (
					"DEBUG=1",
					"$(inherited)",
				);
				GCC_SYMBOLS_PRIVATE_EXTERN = NO;
				GCC_WARN_64_TO_32_BIT_CONVERSION = YES;
				GCC_WARN_ABOUT_RETURN_TYPE = YES_ERROR;
				GCC_WARN_UNDECLARED_SELECTOR = YES;
				GCC_WARN_UNINITIALIZED_AUTOS = YES_AGGRESSIVE;
				GCC_WARN_UNUSED_FUNCTION = YES;
				GCC_WARN_UNUSED_VARIABLE = YES;
				IPHONEOS_DEPLOYMENT_TARGET = 8.2;
				MTL_ENABLE_DEBUG_INFO = YES;
				ONLY_ACTIVE_ARCH = YES;
				SDKROOT = iphoneos;
			};
			name = Debug;
		};
		E7CE662E1AD3A83F003CE27C /* Release */ = {
			isa = XCBuildConfiguration;
			buildSettings = {
				ALWAYS_SEARCH_USER_PATHS = NO;
				CLANG_CXX_LANGUAGE_STANDARD = "gnu++0x";
				CLANG_CXX_LIBRARY = "libc++";
				CLANG_ENABLE_MODULES = YES;
				CLANG_ENABLE_OBJC_ARC = YES;
				CLANG_WARN_BOOL_CONVERSION = YES;
				CLANG_WARN_CONSTANT_CONVERSION = YES;
				CLANG_WARN_DIRECT_OBJC_ISA_USAGE = YES_ERROR;
				CLANG_WARN_EMPTY_BODY = YES;
				CLANG_WARN_ENUM_CONVERSION = YES;
				CLANG_WARN_INT_CONVERSION = YES;
				CLANG_WARN_OBJC_ROOT_CLASS = YES_ERROR;
				CLANG_WARN_UNREACHABLE_CODE = YES;
				CLANG_WARN__DUPLICATE_METHOD_MATCH = YES;
				"CODE_SIGN_IDENTITY[sdk=iphoneos*]" = "iPhone Developer";
				COPY_PHASE_STRIP = NO;
				ENABLE_NS_ASSERTIONS = NO;
				ENABLE_STRICT_OBJC_MSGSEND = YES;
				GCC_C_LANGUAGE_STANDARD = gnu99;
				GCC_WARN_64_TO_32_BIT_CONVERSION = YES;
				GCC_WARN_ABOUT_RETURN_TYPE = YES_ERROR;
				GCC_WARN_UNDECLARED_SELECTOR = YES;
				GCC_WARN_UNINITIALIZED_AUTOS = YES_AGGRESSIVE;
				GCC_WARN_UNUSED_FUNCTION = YES;
				GCC_WARN_UNUSED_VARIABLE = YES;
				IPHONEOS_DEPLOYMENT_TARGET = 8.2;
				MTL_ENABLE_DEBUG_INFO = NO;
				SDKROOT = iphoneos;
				VALIDATE_PRODUCT = YES;
			};
			name = Release;
		};
		E7CE66301AD3A83F003CE27C /* Debug */ = {
			isa = XCBuildConfiguration;
			buildSettings = {
				ASSETCATALOG_COMPILER_APPICON_NAME = AppIcon;
				INFOPLIST_FILE = OpenGLBasic/Info.plist;
				LD_RUNPATH_SEARCH_PATHS = "$(inherited) @executable_path/Frameworks";
				PRODUCT_NAME = "$(TARGET_NAME)";
			};
			name = Debug;
		};
		E7CE66311AD3A83F003CE27C /* Release */ = {
			isa = XCBuildConfiguration;
			buildSettings = {
				ASSETCATALOG_COMPILER_APPICON_NAME = AppIcon;
				INFOPLIST_FILE = OpenGLBasic/Info.plist;
				LD_RUNPATH_SEARCH_PATHS = "$(inherited) @executable_path/Frameworks";
				PRODUCT_NAME = "$(TARGET_NAME)";
			};
			name = Release;
		};
		E7CE66331AD3A83F003CE27C /* Debug */ = {
			isa = XCBuildConfiguration;
			buildSettings = {
				BUNDLE_LOADER = "$(TEST_HOST)";
				FRAMEWORK_SEARCH_PATHS = (
					"$(SDKROOT)/Developer/Library/Frameworks",
					"$(inherited)",
				);
				GCC_PREPROCESSOR_DEFINITIONS = (
					"DEBUG=1",
					"$(inherited)",
				);
				INFOPLIST_FILE = OpenGLBasicTests/Info.plist;
				LD_RUNPATH_SEARCH_PATHS = "$(inherited) @executable_path/Frameworks @loader_path/Frameworks";
				PRODUCT_NAME = "$(TARGET_NAME)";
				TEST_HOST = "$(BUILT_PRODUCTS_DIR)/OpenGLBasic.app/OpenGLBasic";
			};
			name = Debug;
		};
		E7CE66341AD3A83F003CE27C /* Release */ = {
			isa = XCBuildConfiguration;
			buildSettings = {
				BUNDLE_LOADER = "$(TEST_HOST)";
				FRAMEWORK_SEARCH_PATHS = (
					"$(SDKROOT)/Developer/Library/Frameworks",
					"$(inherited)",
				);
				INFOPLIST_FILE = OpenGLBasicTests/Info.plist;
				LD_RUNPATH_SEARCH_PATHS = "$(inherited) @executable_path/Frameworks @loader_path/Frameworks";
				PRODUCT_NAME = "$(TARGET_NAME)";
				TEST_HOST = "$(BUILT_PRODUCTS_DIR)/OpenGLBasic.app/OpenGLBasic";
			};
			name = Release;
		};
/* End XCBuildConfiguration section */

/* Begin XCConfigurationList section */
		E7CE66071AD3A83F003CE27C /* Build configuration list for PBXProject "OpenGLBasic" */ = {
			isa = XCConfigurationList;
			buildConfigurations = (
				E7CE662D1AD3A83F003CE27C /* Debug */,
				E7CE662E1AD3A83F003CE27C /* Release */,
			);
			defaultConfigurationIsVisible = 0;
			defaultConfigurationName = Release;
		};
		E7CE662F1AD3A83F003CE27C /* Build configuration list for PBXNativeTarget "OpenGLBasic" */ = {
			isa = XCConfigurationList;
			buildConfigurations = (
				E7CE66301AD3A83F003CE27C /* Debug */,
				E7CE66311AD3A83F003CE27C /* Release */,
			);
			defaultConfigurationIsVisible = 0;
			defaultConfigurationName = Release;
		};
		E7CE66321AD3A83F003CE27C /* Build configuration list for PBXNativeTarget "OpenGLBasicTests" */ = {
			isa = XCConfigurationList;
			buildConfigurations = (
				E7CE66331AD3A83F003CE27C /* Debug */,
				E7CE66341AD3A83F003CE27C /* Release */,
			);
			defaultConfigurationIsVisible = 0;
			defaultConfigurationName = Release;
		};
/* End XCConfigurationList section */
	};
	rootObject = E7CE66041AD3A83F003CE27C /* Project object */;
}
